
Microsoft Visual Studio Solution File, Format Version 12.00
# Visual Studio Version 17
VisualStudioVersion = 17.5.33627.172
MinimumVisualStudioVersion = 10.0.40219.1
Project("{9A19103F-16F7-4668-BE54-9A1E7A4F7556}") = "MyHome", "MyHome.csproj", "{96804BF9-24AC-4A05-907F-5ED9DBF09070}"
EndProject
Project("{9A19103F-16F7-4668-BE54-9A1E7A4F7556}") = "MyHomeBlazorApp", "..\MyHomeBlazorApp\MyHomeBlazorApp.csproj", "{646EF90C-5679-4077-947B-ECCC2063AC3C}"
EndProject
Global
	GlobalSection(SolutionConfigurationPlatforms) = preSolution
		Debug|Any CPU = Debug|Any CPU
		Release|Any CPU = Release|Any CPU
	EndGlobalSection
	GlobalSection(ProjectConfigurationPlatforms) = postSolution
		{96804BF9-24AC-4A05-907F-5ED9DBF09070}.Debug|Any CPU.ActiveCfg = Debug|Any CPU
		{96804BF9-24AC-4A05-907F-5ED9DBF09070}.Debug|Any CPU.Build.0 = Debug|Any CPU
		{96804BF9-24AC-4A05-907F-5ED9DBF09070}.Release|Any CPU.ActiveCfg = Release|Any CPU
		{96804BF9-24AC-4A05-907F-5ED9DBF09070}.Release|Any CPU.Build.0 = Release|Any CPU
		{646EF90C-5679-4077-947B-ECCC2063AC3C}.Debug|Any CPU.ActiveCfg = Debug|Any CPU
		{646EF90C-5679-4077-947B-ECCC2063AC3C}.Debug|Any CPU.Build.0 = Debug|Any CPU
		{646EF90C-5679-4077-947B-ECCC2063AC3C}.Release|Any CPU.ActiveCfg = Release|Any CPU
		{646EF90C-5679-4077-947B-ECCC2063AC3C}.Release|Any CPU.Build.0 = Release|Any CPU
	EndGlobalSection
	GlobalSection(SolutionProperties) = preSolution
		HideSolutionNode = FALSE
	EndGlobalSection
	GlobalSection(ExtensibilityGlobals) = postSolution
		SolutionGuid = {2B885531-D466-4D41-B3C0-B3A13D4EEA22}
	EndGlobalSection
EndGlobal
